// !$*UTF8*$!
{
	archiveVersion = 1;
	classes = {
	};
	objectVersion = 50;
	objects = {

/* Begin PBXBuildFile section */
		137C8DBE221244BD00F38682 /* AppDelegate.swift in Sources */ = {isa = PBXBuildFile; fileRef = 137C8DBD221244BD00F38682 /* AppDelegate.swift */; };
		137C8DC3221244BD00F38682 /* Main.storyboard in Resources */ = {isa = PBXBuildFile; fileRef = 137C8DC1221244BD00F38682 /* Main.storyboard */; };
		137C8DC5221244C200F38682 /* Assets.xcassets in Resources */ = {isa = PBXBuildFile; fileRef = 137C8DC4221244C200F38682 /* Assets.xcassets */; };
		137C8DC8221244C200F38682 /* LaunchScreen.storyboard in Resources */ = {isa = PBXBuildFile; fileRef = 137C8DC6221244C200F38682 /* LaunchScreen.storyboard */; };
		137C8DD02212456100F38682 /* MoviesViewController.swift in Sources */ = {isa = PBXBuildFile; fileRef = 137C8DCF2212456100F38682 /* MoviesViewController.swift */; };
		13F0F70322136D98004496CA /* MovieCell.swift in Sources */ = {isa = PBXBuildFile; fileRef = 13F0F70222136D98004496CA /* MovieCell.swift */; };
		83F9D3624F57C92FDDEED03F /* Pods_flix2_0.framework in Frameworks */ = {isa = PBXBuildFile; fileRef = 82C9EEE788328C3CB398E0C9 /* Pods_flix2_0.framework */; };
/* End PBXBuildFile section */

/* Begin PBXFileReference section */
		137C8DBA221244BD00F38682 /* flix2.0.app */ = {isa = PBXFileReference; explicitFileType = wrapper.application; includeInIndex = 0; path = flix2.0.app; sourceTree = BUILT_PRODUCTS_DIR; };
		137C8DBD221244BD00F38682 /* AppDelegate.swift */ = {isa = PBXFileReference; lastKnownFileType = sourcecode.swift; path = AppDelegate.swift; sourceTree = "<group>"; };
		137C8DC2221244BD00F38682 /* Base */ = {isa = PBXFileReference; lastKnownFileType = file.storyboard; name = Base; path = Base.lproj/Main.storyboard; sourceTree = "<group>"; };
		137C8DC4221244C200F38682 /* Assets.xcassets */ = {isa = PBXFileReference; lastKnownFileType = folder.assetcatalog; path = Assets.xcassets; sourceTree = "<group>"; };
		137C8DC7221244C200F38682 /* Base */ = {isa = PBXFileReference; lastKnownFileType = file.storyboard; name = Base; path = Base.lproj/LaunchScreen.storyboard; sourceTree = "<group>"; };
		137C8DC9221244C200F38682 /* Info.plist */ = {isa = PBXFileReference; lastKnownFileType = text.plist.xml; path = Info.plist; sourceTree = "<group>"; };
		137C8DCF2212456100F38682 /* MoviesViewController.swift */ = {isa = PBXFileReference; lastKnownFileType = sourcecode.swift; path = MoviesViewController.swift; sourceTree = "<group>"; };
		13F0F70222136D98004496CA /* MovieCell.swift */ = {isa = PBXFileReference; lastKnownFileType = sourcecode.swift; path = MovieCell.swift; sourceTree = "<group>"; };
		21374B3D200B95B574654460 /* Pods-flix2.0.release.xcconfig */ = {isa = PBXFileReference; includeInIndex = 1; lastKnownFileType = text.xcconfig; name = "Pods-flix2.0.release.xcconfig"; path = "Target Support Files/Pods-flix2.0/Pods-flix2.0.release.xcconfig"; sourceTree = "<group>"; };
		82C9EEE788328C3CB398E0C9 /* Pods_flix2_0.framework */ = {isa = PBXFileReference; explicitFileType = wrapper.framework; includeInIndex = 0; path = Pods_flix2_0.framework; sourceTree = BUILT_PRODUCTS_DIR; };
		F595EF0EE30EAB6A4DBF03A6 /* Pods-flix2.0.debug.xcconfig */ = {isa = PBXFileReference; includeInIndex = 1; lastKnownFileType = text.xcconfig; name = "Pods-flix2.0.debug.xcconfig"; path = "Target Support Files/Pods-flix2.0/Pods-flix2.0.debug.xcconfig"; sourceTree = "<group>"; };
/* End PBXFileReference section */

/* Begin PBXFrameworksBuildPhase section */
		137C8DB7221244BD00F38682 /* Frameworks */ = {
			isa = PBXFrameworksBuildPhase;
			buildActionMask = 2147483647;
			files = (
				83F9D3624F57C92FDDEED03F /* Pods_flix2_0.framework in Frameworks */,
			);
			runOnlyForDeploymentPostprocessing = 0;
		};
/* End PBXFrameworksBuildPhase section */

/* Begin PBXGroup section */
		137C8DB1221244BD00F38682 = {
			isa = PBXGroup;
			children = (
				137C8DBC221244BD00F38682 /* flix2.0 */,
				137C8DBB221244BD00F38682 /* Products */,
				4BBD33BDA842E97186E76EC3 /* Pods */,
				B80DDEABEF55D96E21388350 /* Frameworks */,
			);
			sourceTree = "<group>";
		};
		137C8DBB221244BD00F38682 /* Products */ = {
			isa = PBXGroup;
			children = (
				137C8DBA221244BD00F38682 /* flix2.0.app */,
			);
			name = Products;
			sourceTree = "<group>";
		};
		137C8DBC221244BD00F38682 /* flix2.0 */ = {
			isa = PBXGroup;
			children = (
				137C8DBD221244BD00F38682 /* AppDelegate.swift */,
				137C8DCF2212456100F38682 /* MoviesViewController.swift */,
				13F0F70222136D98004496CA /* MovieCell.swift */,
				137C8DC1221244BD00F38682 /* Main.storyboard */,
				137C8DC4221244C200F38682 /* Assets.xcassets */,
				137C8DC6221244C200F38682 /* LaunchScreen.storyboard */,
				137C8DC9221244C200F38682 /* Info.plist */,
			);
			path = flix2.0;
			sourceTree = "<group>";
		};
		4BBD33BDA842E97186E76EC3 /* Pods */ = {
			isa = PBXGroup;
			children = (
				F595EF0EE30EAB6A4DBF03A6 /* Pods-flix2.0.debug.xcconfig */,
				21374B3D200B95B574654460 /* Pods-flix2.0.release.xcconfig */,
			);
			name = Pods;
			path = Pods;
			sourceTree = "<group>";
		};
		B80DDEABEF55D96E21388350 /* Frameworks */ = {
			isa = PBXGroup;
			children = (
				82C9EEE788328C3CB398E0C9 /* Pods_flix2_0.framework */,
			);
			name = Frameworks;
			sourceTree = "<group>";
		};
/* End PBXGroup section */

/* Begin PBXNativeTarget section */
		137C8DB9221244BD00F38682 /* flix2.0 */ = {
			isa = PBXNativeTarget;
			buildConfigurationList = 137C8DCC221244C200F38682 /* Build configuration list for PBXNativeTarget "flix2.0" */;
			buildPhases = (
				8A959A421FD689BA4192AD1D /* [CP] Check Pods Manifest.lock */,
				137C8DB6221244BD00F38682 /* Sources */,
				137C8DB7221244BD00F38682 /* Frameworks */,
				137C8DB8221244BD00F38682 /* Resources */,
				3D1A513BCEF3FF66946F7B68 /* [CP] Embed Pods Frameworks */,
			);
			buildRules = (
			);
			dependencies = (
			);
			name = flix2.0;
			productName = flix2.0;
			productReference = 137C8DBA221244BD00F38682 /* flix2.0.app */;
			productType = "com.apple.product-type.application";
		};
/* End PBXNativeTarget section */

/* Begin PBXProject section */
		137C8DB2221244BD00F38682 /* Project object */ = {
			isa = PBXProject;
			attributes = {
				LastSwiftUpdateCheck = 1010;
				LastUpgradeCheck = 1010;
				ORGANIZATIONNAME = "Matthew Rodriguez";
				TargetAttributes = {
					137C8DB9221244BD00F38682 = {
						CreatedOnToolsVersion = 10.1;
					};
				};
			};
			buildConfigurationList = 137C8DB5221244BD00F38682 /* Build configuration list for PBXProject "flix2.0" */;
			compatibilityVersion = "Xcode 9.3";
			developmentRegion = en;
			hasScannedForEncodings = 0;
			knownRegions = (
				en,
				Base,
			);
			mainGroup = 137C8DB1221244BD00F38682;
			productRefGroup = 137C8DBB221244BD00F38682 /* Products */;
			projectDirPath = "";
			projectRoot = "";
			targets = (
				137C8DB9221244BD00F38682 /* flix2.0 */,
			);
		};
/* End PBXProject section */

/* Begin PBXResourcesBuildPhase section */
		137C8DB8221244BD00F38682 /* Resources */ = {
			isa = PBXResourcesBuildPhase;
			buildActionMask = 2147483647;
			files = (
				137C8DC8221244C200F38682 /* LaunchScreen.storyboard in Resources */,
				137C8DC5221244C200F38682 /* Assets.xcassets in Resources */,
				137C8DC3221244BD00F38682 /* Main.storyboard in Resources */,
			);
			runOnlyForDeploymentPostprocessing = 0;
		};
/* End PBXResourcesBuildPhase section */

/* Begin PBXShellScriptBuildPhase section */
		3D1A513BCEF3FF66946F7B68 /* [CP] Embed Pods Frameworks */ = {
			isa = PBXShellScriptBuildPhase;
			buildActionMask = 2147483647;
			files = (
			);
			inputFileListPaths = (
			);
			inputPaths = (
				"${PODS_ROOT}/Target Support Files/Pods-flix2.0/Pods-flix2.0-frameworks.sh",
				"${BUILT_PRODUCTS_DIR}/Alamofire/Alamofire.framework",
				"${BUILT_PRODUCTS_DIR}/AlamofireImage/AlamofireImage.framework",
			);
			name = "[CP] Embed Pods Frameworks";
			outputFileListPaths = (
			);
			outputPaths = (
				"${TARGET_BUILD_DIR}/${FRAMEWORKS_FOLDER_PATH}/Alamofire.framework",
				"${TARGET_BUILD_DIR}/${FRAMEWORKS_FOLDER_PATH}/AlamofireImage.framework",
			);
			runOnlyForDeploymentPostprocessing = 0;
			shellPath = /bin/sh;
			shellScript = "\"${PODS_ROOT}/Target Support Files/Pods-flix2.0/Pods-flix2.0-frameworks.sh\"\n";
			showEnvVarsInLog = 0;
		};
		8A959A421FD689BA4192AD1D /* [CP] Check Pods Manifest.lock */ = {
			isa = PBXShellScriptBuildPhase;
			buildActionMask = 2147483647;
			files = (
			);
			inputFileListPaths = (
			);
			inputPaths = (
				"${PODS_PODFILE_DIR_PATH}/Podfile.lock",
				"${PODS_ROOT}/Manifest.lock",
			);
			name = "[CP] Check Pods Manifest.lock";
			outputFileListPaths = (
			);
			outputPaths = (
				"$(DERIVED_FILE_DIR)/Pods-flix2.0-checkManifestLockResult.txt",
			);
			runOnlyForDeploymentPostprocessing = 0;
			shellPath = /bin/sh;
			shellScript = "diff \"${PODS_PODFILE_DIR_PATH}/Podfile.lock\" \"${PODS_ROOT}/Manifest.lock\" > /dev/null\nif [ $? != 0 ] ; then\n    # print error to STDERR\n    echo \"error: The sandbox is not in sync with the Podfile.lock. Run 'pod install' or update your CocoaPods installation.\" >&2\n    exit 1\nfi\n# This output is used by Xcode 'outputs' to avoid re-running this script phase.\necho \"SUCCESS\" > \"${SCRIPT_OUTPUT_FILE_0}\"\n";
			showEnvVarsInLog = 0;
		};
/* End PBXShellScriptBuildPhase section */

/* Begin PBXSourcesBuildPhase section */
		137C8DB6221244BD00F38682 /* Sources */ = {
			isa = PBXSourcesBuildPhase;
			buildActionMask = 2147483647;
			files = (
				137C8DBE221244BD00F38682 /* AppDelegate.swift in Sources */,
				137C8DD02212456100F38682 /* MoviesViewController.swift in Sources */,
				13F0F70322136D98004496CA /* MovieCell.swift in Sources */,
			);
			runOnlyForDeploymentPostprocessing = 0;
		};
/* End PBXSourcesBuildPhase section */

/* Begin PBXVariantGroup section */
		137C8DC1221244BD00F38682 /* Main.storyboard */ = {
			isa = PBXVariantGroup;
			children = (
				137C8DC2221244BD00F38682 /* Base */,
			);
			name = Main.storyboard;
			sourceTree = "<group>";
		};
		137C8DC6221244C200F38682 /* LaunchScreen.storyboard */ = {
			isa = PBXVariantGroup;
			children = (
				137C8DC7221244C200F38682 /* Base */,
			);
			name = LaunchScreen.storyboard;
			sourceTree = "<group>";
		};
/* End PBXVariantGroup section */

/* Begin XCBuildConfiguration section */
		137C8DCA221244C200F38682 /* Debug */ = {
			isa = XCBuildConfiguration;
			buildSettings = {
				ALWAYS_SEARCH_USER_PATHS = NO;
				CLANG_ANALYZER_NONNULL = YES;
				CLANG_ANALYZER_NUMBER_OBJECT_CONVERSION = YES_AGGRESSIVE;
				CLANG_CXX_LANGUAGE_STANDARD = "gnu++14";
				CLANG_CXX_LIBRARY = "libc++";
				CLANG_ENABLE_MODULES = YES;
				CLANG_ENABLE_OBJC_ARC = YES;
				CLANG_ENABLE_OBJC_WEAK = YES;
				CLANG_WARN_BLOCK_CAPTURE_AUTORELEASING = YES;
				CLANG_WARN_BOOL_CONVERSION = YES;
				CLANG_WARN_COMMA = YES;
				CLANG_WARN_CONSTANT_CONVERSION = YES;
				CLANG_WARN_DEPRECATED_OBJC_IMPLEMENTATIONS = YES;
				CLANG_WARN_DIRECT_OBJC_ISA_USAGE = YES_ERROR;
				CLANG_WARN_DOCUMENTATION_COMMENTS = YES;
				CLANG_WARN_EMPTY_BODY = YES;
				CLANG_WARN_ENUM_CONVERSION = YES;
				CLANG_WARN_INFINITE_RECURSION = YES;
				CLANG_WARN_INT_CONVERSION = YES;
				CLANG_WARN_NON_LITERAL_NULL_CONVERSION = YES;
				CLANG_WARN_OBJC_IMPLICIT_RETAIN_SELF = YES;
				CLANG_WARN_OBJC_LITERAL_CONVERSION = YES;
				CLANG_WARN_OBJC_ROOT_CLASS = YES_ERROR;
				CLANG_WARN_RANGE_LOOP_ANALYSIS = YES;
				CLANG_WARN_STRICT_PROTOTYPES = YES;
				CLANG_WARN_SUSPICIOUS_MOVE = YES;
				CLANG_WARN_UNGUARDED_AVAILABILITY = YES_AGGRESSIVE;
				CLANG_WARN_UNREACHABLE_CODE = YES;
				CLANG_WARN__DUPLICATE_METHOD_MATCH = YES;
				CODE_SIGN_IDENTITY = "iPhone Developer";
				COPY_PHASE_STRIP = NO;
				DEBUG_INFORMATION_FORMAT = dwarf;
				ENABLE_STRICT_OBJC_MSGSEND = YES;
				ENABLE_TESTABILITY = YES;
				GCC_C_LANGUAGE_STANDARD = gnu11;
				GCC_DYNAMIC_NO_PIC = NO;
				GCC_NO_COMMON_BLOCKS = YES;
				GCC_OPTIMIZATION_LEVEL = 0;
				GCC_PREPROCESSOR_DEFINITIONS = (
					"DEBUG=1",
					"$(inherited)",
				);
				GCC_WARN_64_TO_32_BIT_CONVERSION = YES;
				GCC_WARN_ABOUT_RETURN_TYPE = YES_ERROR;
				GCC_WARN_UNDECLARED_SELECTOR = YES;
				GCC_WARN_UNINITIALIZED_AUTOS = YES_AGGRESSIVE;
				GCC_WARN_UNUSED_FUNCTION = YES;
				GCC_WARN_UNUSED_VARIABLE = YES;
				IPHONEOS_DEPLOYMENT_TARGET = 12.1;
				MTL_ENABLE_DEBUG_INFO = INCLUDE_SOURCE;
				MTL_FAST_MATH = YES;
				ONLY_ACTIVE_ARCH = YES;
				SDKROOT = iphoneos;
				SWIFT_ACTIVE_COMPILATION_CONDITIONS = DEBUG;
				SWIFT_OPTIMIZATION_LEVEL = "-Onone";
			};
			name = Debug;
		};
		137C8DCB221244C200F38682 /* Release */ = {
			isa = XCBuildConfiguration;
			buildSettings = {
				ALWAYS_SEARCH_USER_PATHS = NO;
				CLANG_ANALYZER_NONNULL = YES;
				CLANG_ANALYZER_NUMBER_OBJECT_CONVERSION = YES_AGGRESSIVE;
				CLANG_CXX_LANGUAGE_STANDARD = "gnu++14";
				CLANG_CXX_LIBRARY = "libc++";
				CLANG_ENABLE_MODULES = YES;
				CLANG_ENABLE_OBJC_ARC = YES;
				CLANG_ENABLE_OBJC_WEAK = YES;
				CLANG_WARN_BLOCK_CAPTURE_AUTORELEASING = YES;
				CLANG_WARN_BOOL_CONVERSION = YES;
				CLANG_WARN_COMMA = YES;
				CLANG_WARN_CONSTANT_CONVERSION = YES;
				CLANG_WARN_DEPRECATED_OBJC_IMPLEMENTATIONS = YES;
				CLANG_WARN_DIRECT_OBJC_ISA_USAGE = YES_ERROR;
				CLANG_WARN_DOCUMENTATION_COMMENTS = YES;
				CLANG_WARN_EMPTY_BODY = YES;
				CLANG_WARN_ENUM_CONVERSION = YES;
				CLANG_WARN_INFINITE_RECURSION = YES;
				CLANG_WARN_INT_CONVERSION = YES;
				CLANG_WARN_NON_LITERAL_NULL_CONVERSION = YES;
				CLANG_WARN_OBJC_IMPLICIT_RETAIN_SELF = YES;
				CLANG_WARN_OBJC_LITERAL_CONVERSION = YES;
				CLANG_WARN_OBJC_ROOT_CLASS = YES_ERROR;
				CLANG_WARN_RANGE_LOOP_ANALYSIS = YES;
				CLANG_WARN_STRICT_PROTOTYPES = YES;
				CLANG_WARN_SUSPICIOUS_MOVE = YES;
				CLANG_WARN_UNGUARDED_AVAILABILITY = YES_AGGRESSIVE;
				CLANG_WARN_UNREACHABLE_CODE = YES;
				CLANG_WARN__DUPLICATE_METHOD_MATCH = YES;
				CODE_SIGN_IDENTITY = "iPhone Developer";
				COPY_PHASE_STRIP = NO;
				DEBUG_INFORMATION_FORMAT = "dwarf-with-dsym";
				ENABLE_NS_ASSERTIONS = NO;
				ENABLE_STRICT_OBJC_MSGSEND = YES;
				GCC_C_LANGUAGE_STANDARD = gnu11;
				GCC_NO_COMMON_BLOCKS = YES;
				GCC_WARN_64_TO_32_BIT_CONVERSION = YES;
				GCC_WARN_ABOUT_RETURN_TYPE = YES_ERROR;
				GCC_WARN_UNDECLARED_SELECTOR = YES;
				GCC_WARN_UNINITIALIZED_AUTOS = YES_AGGRESSIVE;
				GCC_WARN_UNUSED_FUNCTION = YES;
				GCC_WARN_UNUSED_VARIABLE = YES;
				IPHONEOS_DEPLOYMENT_TARGET = 12.1;
				MTL_ENABLE_DEBUG_INFO = NO;
				MTL_FAST_MATH = YES;
				SDKROOT = iphoneos;
				SWIFT_COMPILATION_MODE = wholemodule;
				SWIFT_OPTIMIZATION_LEVEL = "-O";
				VALIDATE_PRODUCT = YES;
			};
			name = Release;
		};
		137C8DCD221244C200F38682 /* Debug */ = {
			isa = XCBuildConfiguration;
			baseConfigurationReference = F595EF0EE30EAB6A4DBF03A6 /* Pods-flix2.0.debug.xcconfig */;
			buildSettings = {
				ASSETCATALOG_COMPILER_APPICON_NAME = AppIcon;
				CODE_SIGN_STYLE = Automatic;
				DEVELOPMENT_TEAM = MHN4EA38T2;
				INFOPLIST_FILE = flix2.0/Info.plist;
				LD_RUNPATH_SEARCH_PATHS = (
					"$(inherited)",
					"@executable_path/Frameworks",
				);
				PRODUCT_BUNDLE_IDENTIFIER = "com.matthewrodriguez.flix2-0";
				PRODUCT_NAME = "$(TARGET_NAME)";
				SWIFT_VERSION = 4.2;
				TARGETED_DEVICE_FAMILY = "1,2";
			};
			name = Debug;
		};
		137C8DCE221244C200F38682 /* Release */ = {
			isa = XCBuildConfiguration;
			baseConfigurationReference = 21374B3D200B95B574654460 /* Pods-flix2.0.release.xcconfig */;
			buildSettings = {
				ASSETCATALOG_COMPILER_APPICON_NAME = AppIcon;
				CODE_SIGN_STYLE = Automatic;
				DEVELOPMENT_TEAM = MHN4EA38T2;
				INFOPLIST_FILE = flix2.0/Info.plist;
				LD_RUNPATH_SEARCH_PATHS = (
					"$(inherited)",
					"@executable_path/Frameworks",
				);
				PRODUCT_BUNDLE_IDENTIFIER = "com.matthewrodriguez.flix2-0";
				PRODUCT_NAME = "$(TARGET_NAME)";
				SWIFT_VERSION = 4.2;
				TARGETED_DEVICE_FAMILY = "1,2";
			};
			name = Release;
		};
/* End XCBuildConfiguration section */

/* Begin XCConfigurationList section */
		137C8DB5221244BD00F38682 /* Build configuration list for PBXProject "flix2.0" */ = {
			isa = XCConfigurationList;
			buildConfigurations = (
				137C8DCA221244C200F38682 /* Debug */,
				137C8DCB221244C200F38682 /* Release */,
			);
			defaultConfigurationIsVisible = 0;
			defaultConfigurationName = Release;
		};
		137C8DCC221244C200F38682 /* Build configuration list for PBXNativeTarget "flix2.0" */ = {
			isa = XCConfigurationList;
			buildConfigurations = (
				137C8DCD221244C200F38682 /* Debug */,
				137C8DCE221244C200F38682 /* Release */,
			);
			defaultConfigurationIsVisible = 0;
			defaultConfigurationName = Release;
		};
/* End XCConfigurationList section */
	};
	rootObject = 137C8DB2221244BD00F38682 /* Project object */;
}
